{
  "pins" : [
    {
      "identity" : "comscore-swift-package-manager",
      "kind" : "remoteSourceControl",
      "location" : "https://github.com/comScore/Comscore-Swift-Package-Manager.git",
      "state" : {
        "revision" : "7e3c521ad689b0e2bbf5cfb62e19c9e1619feae2",
        "version" : "6.10.0"
      }
    },
    {
      "identity" : "cwlcatchexception",
      "kind" : "remoteSourceControl",
      "location" : "https://github.com/mattgallagher/CwlCatchException.git",
      "state" : {
        "revision" : "35f9e770f54ce62dd8526470f14c6e137cef3eea",
        "version" : "2.1.1"
      }
    },
    {
      "identity" : "cwlpreconditiontesting",
      "kind" : "remoteSourceControl",
      "location" : "https://github.com/mattgallagher/CwlPreconditionTesting.git",
      "state" : {
        "revision" : "c21f7bab5ca8eee0a9998bbd17ca1d0eb45d4688",
        "version" : "2.1.0"
      }
    },
    {
      "identity" : "difference",
      "kind" : "remoteSourceControl",
      "location" : "https://github.com/krzysztofzablocki/Difference.git",
      "state" : {
        "revision" : "02fe1111edc8318c4f8a0da96336fcbcc201f38b",
        "version" : "1.0.1"
      }
    },
    {
      "identity" : "googlecastsdk-no-bluetooth",
      "kind" : "remoteSourceControl",
      "location" : "https://github.com/SRGSSR/GoogleCastSDK-no-bluetooth.git",
      "state" : {
        "revision" : "b245e040c57c74ea54a30d321effafebc79d1341",
        "version" : "4.7.1-beta.1"
      }
    },
    {
      "identity" : "nimble",
      "kind" : "remoteSourceControl",
      "location" : "https://github.com/Quick/Nimble.git",
      "state" : {
        "revision" : "1f3bde57bde12f5e7b07909848c071e9b73d6edc",
        "version" : "10.0.0"
      }
    },
    {
      "identity" : "tccore-xcframework-apple",
      "kind" : "remoteSourceControl",
      "location" : "https://github.com/SRGSSR/TCCore-xcframework-apple.git",
      "state" : {
        "revision" : "eb686883e63af28174472a09eda97acf07179c88",
        "version" : "4.5.4-srg5"
      }
    },
    {
      "identity" : "tcsdk-xcframework-apple",
      "kind" : "remoteSourceControl",
      "location" : "https://github.com/SRGSSR/TCSDK-xcframework-apple.git",
      "state" : {
        "revision" : "c4becb0b250258b78cb46225af5e269da834db5a",
        "version" : "4.4.1-srg5"
      }
    },
    {
      "identity" : "timelanecombine",
      "kind" : "remoteSourceControl",
      "location" : "https://github.com/icanzilb/TimelaneCombine.git",
      "state" : {
        "revision" : "e6837bcbb19332866d5e37d501c05d68fbf985f2",
        "version" : "2.0.0"
      }
    },
    {
      "identity" : "timelanecore",
      "kind" : "remoteSourceControl",
      "location" : "https://github.com/icanzilb/TimelaneCore",
      "state" : {
        "revision" : "c554d6d61be14bd7acb8b10161fe5d9dc20d7fbc",
        "version" : "2.0.2"
      }
    }
  ],
  "version" : 2
}
