{
  "pins" : [
    {
      "identity" : "comscore-swift-package-manager",
      "kind" : "remoteSourceControl",
      "location" : "https://github.com/comScore/Comscore-Swift-Package-Manager.git",
      "state" : {
        "revision" : "2d1cd9c0cb52ca76702023b528a059fc0a7d5a4d",
        "version" : "6.13.0"
      }
    },
    {
      "identity" : "cwlcatchexception",
      "kind" : "remoteSourceControl",
      "location" : "https://github.com/mattgallagher/CwlCatchException.git",
      "state" : {
        "revision" : "3ef6999c73b6938cc0da422f2c912d0158abb0a0",
        "version" : "2.2.0"
      }
    },
    {
      "identity" : "cwlpreconditiontesting",
      "kind" : "remoteSourceControl",
      "location" : "https://github.com/mattgallagher/CwlPreconditionTesting.git",
      "state" : {
        "revision" : "2ef56b2caf25f55fa7eef8784c30d5a767550f54",
        "version" : "2.2.1"
      }
    },
    {
      "identity" : "difference",
      "kind" : "remoteSourceControl",
      "location" : "https://github.com/krzysztofzablocki/Difference.git",
      "state" : {
        "revision" : "02fe1111edc8318c4f8a0da96336fcbcc201f38b",
        "version" : "1.0.1"
      }
    },
    {
      "identity" : "iosv5",
      "kind" : "remoteSourceControl",
      "location" : "https://github.com/CommandersAct/iOSV5.git",
      "state" : {
        "revision" : "b65eb27cde41d3c40b05520f8713d55a52821553",
        "version" : "5.4.9"
      }
    },
    {
      "identity" : "nimble",
      "kind" : "remoteSourceControl",
      "location" : "https://github.com/Quick/Nimble.git",
      "state" : {
        "revision" : "54b4e52183f16fe806014cbfd63718a84f8ba072",
        "version" : "13.4.0"
      }
    },
    {
      "identity" : "swift-collections",
      "kind" : "remoteSourceControl",
      "location" : "https://github.com/apple/swift-collections.git",
      "state" : {
        "revision" : "3d2dc41a01f9e49d84f0a3925fb858bed64f702d",
        "version" : "1.1.2"
      }
    },
    {
      "identity" : "timelanecombine",
      "kind" : "remoteSourceControl",
      "location" : "https://github.com/icanzilb/TimelaneCombine.git",
      "state" : {
        "revision" : "e6837bcbb19332866d5e37d501c05d68fbf985f2",
        "version" : "2.0.0"
      }
    },
    {
      "identity" : "timelanecore",
      "kind" : "remoteSourceControl",
      "location" : "https://github.com/icanzilb/TimelaneCore",
      "state" : {
        "revision" : "c554d6d61be14bd7acb8b10161fe5d9dc20d7fbc",
        "version" : "2.0.2"
      }
    }
  ],
  "version" : 2
}
