// !$*UTF8*$!
{
	archiveVersion = 1;
	classes = {
	};
	objectVersion = 56;
	objects = {

/* Begin PBXBuildFile section */
		6F36C62D28910538000DD160 /* CoreBusiness in Frameworks */ = {isa = PBXBuildFile; productRef = 6F36C62C28910538000DD160 /* CoreBusiness */; };
		6F3F15A728CEEC6900CA2BD1 /* ShowcaseView.swift in Sources */ = {isa = PBXBuildFile; fileRef = 6F3F15A628CEEC6900CA2BD1 /* ShowcaseView.swift */; };
		6F4FACBD2903169F0048576B /* PlaylistView.swift in Sources */ = {isa = PBXBuildFile; fileRef = 6F4FACBC2903169F0048576B /* PlaylistView.swift */; };
		6F5FEDD028CF328600B88EC0 /* StoriesViewModel.swift in Sources */ = {isa = PBXBuildFile; fileRef = 6F5FEDCF28CF328600B88EC0 /* StoriesViewModel.swift */; };
		6F65FA2128D0CE8A0081ACD1 /* PlaybackView.swift in Sources */ = {isa = PBXBuildFile; fileRef = 6F65FA2028D0CE8A0081ACD1 /* PlaybackView.swift */; };
		6F7750D628EABD5100E80196 /* BasicPlayerView.swift in Sources */ = {isa = PBXBuildFile; fileRef = 6F7750D528EABD5100E80196 /* BasicPlayerView.swift */; };
		6F917C0E2887EA8E004113BA /* Assets.xcassets in Resources */ = {isa = PBXBuildFile; fileRef = 6F917C082887EA8E004113BA /* Assets.xcassets */; };
		6F917C0F2887EA8E004113BA /* DemoApp.swift in Sources */ = {isa = PBXBuildFile; fileRef = 6F917C0A2887EA8E004113BA /* DemoApp.swift */; };
		6F917C112887EA8E004113BA /* Preview Assets.xcassets in Resources */ = {isa = PBXBuildFile; fileRef = 6F917C0D2887EA8E004113BA /* Preview Assets.xcassets */; };
		6F9B5BC928CF8C530074B9E0 /* OrderedCollections in Frameworks */ = {isa = PBXBuildFile; productRef = 6F9B5BC828CF8C530074B9E0 /* OrderedCollections */; };
		6F9B5BCB28D03E1E0074B9E0 /* TwinsView.swift in Sources */ = {isa = PBXBuildFile; fileRef = 6F9B5BCA28D03E1E0074B9E0 /* TwinsView.swift */; };
		6F9DDB44288FE90E0069B687 /* Player in Frameworks */ = {isa = PBXBuildFile; productRef = 6F9DDB43288FE90E0069B687 /* Player */; };
		6FB553B228C3AF020067CFC4 /* StoriesView.swift in Sources */ = {isa = PBXBuildFile; fileRef = 6FB553B128C3AF020067CFC4 /* StoriesView.swift */; };
		6FBEFCEB289132DB004BE625 /* UserInterface in Frameworks */ = {isa = PBXBuildFile; productRef = 6FBEFCEA289132DB004BE625 /* UserInterface */; };
		6FCA4747292CBEC7008C2812 /* ShowTime in Frameworks */ = {isa = PBXBuildFile; productRef = 6FCA4746292CBEC7008C2812 /* ShowTime */; };
		6FCA8D7C28AD2AB900CF75FB /* AppDelegate.swift in Sources */ = {isa = PBXBuildFile; fileRef = 6FCA8D7B28AD2AB900CF75FB /* AppDelegate.swift */; };
		6FCD6A1928AD158E00FCE4EA /* PlayerView.swift in Sources */ = {isa = PBXBuildFile; fileRef = 6FCD6A1828AD158E00FCE4EA /* PlayerView.swift */; };
		6FCD6A1B28AD1B9200FCE4EA /* ExamplesView.swift in Sources */ = {isa = PBXBuildFile; fileRef = 6FCD6A1A28AD1B9200FCE4EA /* ExamplesView.swift */; };
		6FD1F3A128D0490200DF8CF1 /* MultiView.swift in Sources */ = {isa = PBXBuildFile; fileRef = 6FD1F3A028D0490200DF8CF1 /* MultiView.swift */; };
		6FD1F3A328D04AE200DF8CF1 /* LinkView.swift in Sources */ = {isa = PBXBuildFile; fileRef = 6FD1F3A228D04AE200DF8CF1 /* LinkView.swift */; };
		6FD1F3A728D0646200DF8CF1 /* Navigation.swift in Sources */ = {isa = PBXBuildFile; fileRef = 6FD1F3A628D0646200DF8CF1 /* Navigation.swift */; };
		6FD1F3AB28D0655800DF8CF1 /* WrappedView.swift in Sources */ = {isa = PBXBuildFile; fileRef = 6FD1F3AA28D0655800DF8CF1 /* WrappedView.swift */; };
		6FD1F3AD28D0657300DF8CF1 /* WrappedViewModel.swift in Sources */ = {isa = PBXBuildFile; fileRef = 6FD1F3AC28D0657300DF8CF1 /* WrappedViewModel.swift */; };
		6FD1F3AF28D070CA00DF8CF1 /* Media.swift in Sources */ = {isa = PBXBuildFile; fileRef = 6FD1F3AE28D070CA00DF8CF1 /* Media.swift */; };
		6FD6CE92291D36F70015FC03 /* Story.swift in Sources */ = {isa = PBXBuildFile; fileRef = 6FD6CE91291D36F70015FC03 /* Story.swift */; };
/* End PBXBuildFile section */

/* Begin PBXFileReference section */
		6F010340289946220021BA76 /* Info.plist */ = {isa = PBXFileReference; lastKnownFileType = text.plist.xml; path = Info.plist; sourceTree = "<group>"; };
		6F05B8D52887E934005D75E3 /* Pillarbox-demo.app */ = {isa = PBXFileReference; explicitFileType = wrapper.application; includeInIndex = 0; path = "Pillarbox-demo.app"; sourceTree = BUILT_PRODUCTS_DIR; };
		6F3F15A628CEEC6900CA2BD1 /* ShowcaseView.swift */ = {isa = PBXFileReference; lastKnownFileType = sourcecode.swift; path = ShowcaseView.swift; sourceTree = "<group>"; };
		6F45DB9A2893B773008ACCE6 /* Application.xcconfig */ = {isa = PBXFileReference; lastKnownFileType = text.xcconfig; path = Application.xcconfig; sourceTree = "<group>"; };
		6F45DB9B2893B773008ACCE6 /* Common.xcconfig */ = {isa = PBXFileReference; lastKnownFileType = text.xcconfig; path = Common.xcconfig; sourceTree = "<group>"; };
		6F45DB9D2893B773008ACCE6 /* Demo.nightly.xcconfig */ = {isa = PBXFileReference; lastKnownFileType = text.xcconfig; path = Demo.nightly.xcconfig; sourceTree = "<group>"; };
		6F45DB9E2893B773008ACCE6 /* Demo.debug.xcconfig */ = {isa = PBXFileReference; lastKnownFileType = text.xcconfig; path = Demo.debug.xcconfig; sourceTree = "<group>"; };
		6F45DB9F2893B773008ACCE6 /* Demo.release.xcconfig */ = {isa = PBXFileReference; lastKnownFileType = text.xcconfig; path = Demo.release.xcconfig; sourceTree = "<group>"; };
		6F4FACBC2903169F0048576B /* PlaylistView.swift */ = {isa = PBXFileReference; lastKnownFileType = sourcecode.swift; path = PlaylistView.swift; sourceTree = "<group>"; };
		6F56C23F28E890140056458F /* Pillarbox.playground */ = {isa = PBXFileReference; lastKnownFileType = file.playground; path = Pillarbox.playground; sourceTree = "<group>"; xcLanguageSpecificationIdentifier = xcode.lang.swift; };
		6F5FEDCF28CF328600B88EC0 /* StoriesViewModel.swift */ = {isa = PBXFileReference; lastKnownFileType = sourcecode.swift; path = StoriesViewModel.swift; sourceTree = "<group>"; };
		6F65FA2028D0CE8A0081ACD1 /* PlaybackView.swift */ = {isa = PBXFileReference; lastKnownFileType = sourcecode.swift; path = PlaybackView.swift; sourceTree = "<group>"; };
		6F7750D528EABD5100E80196 /* BasicPlayerView.swift */ = {isa = PBXFileReference; lastKnownFileType = sourcecode.swift; path = BasicPlayerView.swift; sourceTree = "<group>"; };
		6F917C082887EA8E004113BA /* Assets.xcassets */ = {isa = PBXFileReference; lastKnownFileType = folder.assetcatalog; path = Assets.xcassets; sourceTree = "<group>"; };
		6F917C0A2887EA8E004113BA /* DemoApp.swift */ = {isa = PBXFileReference; fileEncoding = 4; lastKnownFileType = sourcecode.swift; path = DemoApp.swift; sourceTree = "<group>"; };
		6F917C0D2887EA8E004113BA /* Preview Assets.xcassets */ = {isa = PBXFileReference; lastKnownFileType = folder.assetcatalog; path = "Preview Assets.xcassets"; sourceTree = "<group>"; };
		6F9B5BCA28D03E1E0074B9E0 /* TwinsView.swift */ = {isa = PBXFileReference; lastKnownFileType = sourcecode.swift; path = TwinsView.swift; sourceTree = "<group>"; };
		6F9DDB40288FE8F80069B687 /* pillarbox-apple */ = {isa = PBXFileReference; lastKnownFileType = wrapper; name = "pillarbox-apple"; path = ..; sourceTree = "<group>"; };
		6FB553B128C3AF020067CFC4 /* StoriesView.swift */ = {isa = PBXFileReference; fileEncoding = 4; lastKnownFileType = sourcecode.swift; path = StoriesView.swift; sourceTree = "<group>"; };
		6FCA8D7B28AD2AB900CF75FB /* AppDelegate.swift */ = {isa = PBXFileReference; fileEncoding = 4; lastKnownFileType = sourcecode.swift; path = AppDelegate.swift; sourceTree = "<group>"; };
		6FCD6A1828AD158E00FCE4EA /* PlayerView.swift */ = {isa = PBXFileReference; fileEncoding = 4; lastKnownFileType = sourcecode.swift; path = PlayerView.swift; sourceTree = "<group>"; };
		6FCD6A1A28AD1B9200FCE4EA /* ExamplesView.swift */ = {isa = PBXFileReference; fileEncoding = 4; lastKnownFileType = sourcecode.swift; path = ExamplesView.swift; sourceTree = "<group>"; };
		6FD1F3A028D0490200DF8CF1 /* MultiView.swift */ = {isa = PBXFileReference; lastKnownFileType = sourcecode.swift; path = MultiView.swift; sourceTree = "<group>"; };
		6FD1F3A228D04AE200DF8CF1 /* LinkView.swift */ = {isa = PBXFileReference; lastKnownFileType = sourcecode.swift; path = LinkView.swift; sourceTree = "<group>"; };
		6FD1F3A628D0646200DF8CF1 /* Navigation.swift */ = {isa = PBXFileReference; lastKnownFileType = sourcecode.swift; path = Navigation.swift; sourceTree = "<group>"; };
		6FD1F3AA28D0655800DF8CF1 /* WrappedView.swift */ = {isa = PBXFileReference; lastKnownFileType = sourcecode.swift; path = WrappedView.swift; sourceTree = "<group>"; };
		6FD1F3AC28D0657300DF8CF1 /* WrappedViewModel.swift */ = {isa = PBXFileReference; lastKnownFileType = sourcecode.swift; path = WrappedViewModel.swift; sourceTree = "<group>"; };
		6FD1F3AE28D070CA00DF8CF1 /* Media.swift */ = {isa = PBXFileReference; lastKnownFileType = sourcecode.swift; path = Media.swift; sourceTree = "<group>"; };
		6FD6CE91291D36F70015FC03 /* Story.swift */ = {isa = PBXFileReference; fileEncoding = 4; lastKnownFileType = sourcecode.swift; path = Story.swift; sourceTree = "<group>"; };
/* End PBXFileReference section */

/* Begin PBXFrameworksBuildPhase section */
		6F05B8D22887E934005D75E3 /* Frameworks */ = {
			isa = PBXFrameworksBuildPhase;
			buildActionMask = 2147483647;
			files = (
				6F36C62D28910538000DD160 /* CoreBusiness in Frameworks */,
				6FCA4747292CBEC7008C2812 /* ShowTime in Frameworks */,
				6F9DDB44288FE90E0069B687 /* Player in Frameworks */,
				6F9B5BC928CF8C530074B9E0 /* OrderedCollections in Frameworks */,
				6FBEFCEB289132DB004BE625 /* UserInterface in Frameworks */,
			);
			runOnlyForDeploymentPostprocessing = 0;
		};
/* End PBXFrameworksBuildPhase section */

/* Begin PBXGroup section */
		6F05B8CC2887E934005D75E3 = {
			isa = PBXGroup;
			children = (
				6F56C23F28E890140056458F /* Pillarbox.playground */,
				6F010340289946220021BA76 /* Info.plist */,
				6FAA7E9E288E84BD00380147 /* Packages */,
				6F917C092887EA8E004113BA /* Sources */,
				6F917C072887EA8E004113BA /* Resources */,
				6F917C0C2887EA8E004113BA /* Preview Content */,
				6F45DB972893B772008ACCE6 /* Xcode */,
				6F05B8D62887E934005D75E3 /* Products */,
				6F917C142887EE30004113BA /* Frameworks */,
			);
			sourceTree = "<group>";
		};
		6F05B8D62887E934005D75E3 /* Products */ = {
			isa = PBXGroup;
			children = (
				6F05B8D52887E934005D75E3 /* Pillarbox-demo.app */,
			);
			name = Products;
			sourceTree = "<group>";
		};
		6F45DB972893B772008ACCE6 /* Xcode */ = {
			isa = PBXGroup;
			children = (
				6F45DB982893B773008ACCE6 /* Shared */,
				6F45DB9C2893B773008ACCE6 /* Application */,
			);
			path = Xcode;
			sourceTree = "<group>";
		};
		6F45DB982893B773008ACCE6 /* Shared */ = {
			isa = PBXGroup;
			children = (
				6F45DB992893B773008ACCE6 /* Targets */,
				6F45DB9B2893B773008ACCE6 /* Common.xcconfig */,
			);
			path = Shared;
			sourceTree = "<group>";
		};
		6F45DB992893B773008ACCE6 /* Targets */ = {
			isa = PBXGroup;
			children = (
				6F45DB9A2893B773008ACCE6 /* Application.xcconfig */,
			);
			path = Targets;
			sourceTree = "<group>";
		};
		6F45DB9C2893B773008ACCE6 /* Application */ = {
			isa = PBXGroup;
			children = (
				6F45DB9D2893B773008ACCE6 /* Demo.nightly.xcconfig */,
				6F45DB9E2893B773008ACCE6 /* Demo.debug.xcconfig */,
				6F45DB9F2893B773008ACCE6 /* Demo.release.xcconfig */,
			);
			path = Application;
			sourceTree = "<group>";
		};
		6F917C072887EA8E004113BA /* Resources */ = {
			isa = PBXGroup;
			children = (
				6F917C082887EA8E004113BA /* Assets.xcassets */,
			);
			path = Resources;
			sourceTree = "<group>";
		};
		6F917C092887EA8E004113BA /* Sources */ = {
			isa = PBXGroup;
			children = (
				6FCA8D7B28AD2AB900CF75FB /* AppDelegate.swift */,
				6F7750D528EABD5100E80196 /* BasicPlayerView.swift */,
				6F917C0A2887EA8E004113BA /* DemoApp.swift */,
				6FCD6A1A28AD1B9200FCE4EA /* ExamplesView.swift */,
				6FD1F3A228D04AE200DF8CF1 /* LinkView.swift */,
				6FD1F3AE28D070CA00DF8CF1 /* Media.swift */,
				6FD1F3A028D0490200DF8CF1 /* MultiView.swift */,
				6FD1F3A628D0646200DF8CF1 /* Navigation.swift */,
				6F65FA2028D0CE8A0081ACD1 /* PlaybackView.swift */,
				6FCD6A1828AD158E00FCE4EA /* PlayerView.swift */,
				6F4FACBC2903169F0048576B /* PlaylistView.swift */,
				6F3F15A628CEEC6900CA2BD1 /* ShowcaseView.swift */,
				6FB553B128C3AF020067CFC4 /* StoriesView.swift */,
				6F5FEDCF28CF328600B88EC0 /* StoriesViewModel.swift */,
				6FD6CE91291D36F70015FC03 /* Story.swift */,
				6F9B5BCA28D03E1E0074B9E0 /* TwinsView.swift */,
				6FD1F3AA28D0655800DF8CF1 /* WrappedView.swift */,
				6FD1F3AC28D0657300DF8CF1 /* WrappedViewModel.swift */,
			);
			path = Sources;
			sourceTree = "<group>";
		};
		6F917C0C2887EA8E004113BA /* Preview Content */ = {
			isa = PBXGroup;
			children = (
				6F917C0D2887EA8E004113BA /* Preview Assets.xcassets */,
			);
			path = "Preview Content";
			sourceTree = "<group>";
		};
		6F917C142887EE30004113BA /* Frameworks */ = {
			isa = PBXGroup;
			children = (
			);
			name = Frameworks;
			sourceTree = "<group>";
		};
		6FAA7E9E288E84BD00380147 /* Packages */ = {
			isa = PBXGroup;
			children = (
				6F9DDB40288FE8F80069B687 /* pillarbox-apple */,
			);
			name = Packages;
			sourceTree = "<group>";
		};
/* End PBXGroup section */

/* Begin PBXNativeTarget section */
		6F05B8D42887E934005D75E3 /* Pillarbox-demo */ = {
			isa = PBXNativeTarget;
			buildConfigurationList = 6F05B8E32887E935005D75E3 /* Build configuration list for PBXNativeTarget "Pillarbox-demo" */;
			buildPhases = (
				6F05B8D12887E934005D75E3 /* Sources */,
				6F05B8D22887E934005D75E3 /* Frameworks */,
				6F05B8D32887E934005D75E3 /* Resources */,
			);
			buildRules = (
			);
			dependencies = (
			);
			name = "Pillarbox-demo";
			packageProductDependencies = (
				6F9DDB43288FE90E0069B687 /* Player */,
				6F36C62C28910538000DD160 /* CoreBusiness */,
				6FBEFCEA289132DB004BE625 /* UserInterface */,
				6F9B5BC828CF8C530074B9E0 /* OrderedCollections */,
				6FCA4746292CBEC7008C2812 /* ShowTime */,
			);
			productName = PillarboxDemo;
			productReference = 6F05B8D52887E934005D75E3 /* Pillarbox-demo.app */;
			productType = "com.apple.product-type.application";
		};
/* End PBXNativeTarget section */

/* Begin PBXProject section */
		6F05B8CD2887E934005D75E3 /* Project object */ = {
			isa = PBXProject;
			attributes = {
				BuildIndependentTargetsInParallel = 1;
				LastSwiftUpdateCheck = 1400;
				LastUpgradeCheck = 1400;
				TargetAttributes = {
					6F05B8D42887E934005D75E3 = {
						CreatedOnToolsVersion = 14.0;
					};
				};
			};
			buildConfigurationList = 6F05B8D02887E934005D75E3 /* Build configuration list for PBXProject "Pillarbox-demo" */;
			compatibilityVersion = "Xcode 14.0";
			developmentRegion = en;
			hasScannedForEncodings = 0;
			knownRegions = (
				en,
				Base,
			);
			mainGroup = 6F05B8CC2887E934005D75E3;
			packageReferences = (
				6F9B5BC728CF8C530074B9E0 /* XCRemoteSwiftPackageReference "swift-collections" */,
				6FCA4745292CBEC7008C2812 /* XCRemoteSwiftPackageReference "ShowTime" */,
			);
			productRefGroup = 6F05B8D62887E934005D75E3 /* Products */;
			projectDirPath = "";
			projectRoot = "";
			targets = (
				6F05B8D42887E934005D75E3 /* Pillarbox-demo */,
			);
		};
/* End PBXProject section */

/* Begin PBXResourcesBuildPhase section */
		6F05B8D32887E934005D75E3 /* Resources */ = {
			isa = PBXResourcesBuildPhase;
			buildActionMask = 2147483647;
			files = (
				6F917C112887EA8E004113BA /* Preview Assets.xcassets in Resources */,
				6F917C0E2887EA8E004113BA /* Assets.xcassets in Resources */,
			);
			runOnlyForDeploymentPostprocessing = 0;
		};
/* End PBXResourcesBuildPhase section */

/* Begin PBXSourcesBuildPhase section */
		6F05B8D12887E934005D75E3 /* Sources */ = {
			isa = PBXSourcesBuildPhase;
			buildActionMask = 2147483647;
			files = (
				6FCA8D7C28AD2AB900CF75FB /* AppDelegate.swift in Sources */,
				6FD1F3A328D04AE200DF8CF1 /* LinkView.swift in Sources */,
				6FB553B228C3AF020067CFC4 /* StoriesView.swift in Sources */,
				6FD1F3A728D0646200DF8CF1 /* Navigation.swift in Sources */,
				6FCD6A1928AD158E00FCE4EA /* PlayerView.swift in Sources */,
				6FCD6A1B28AD1B9200FCE4EA /* ExamplesView.swift in Sources */,
				6F917C0F2887EA8E004113BA /* DemoApp.swift in Sources */,
				6F7750D628EABD5100E80196 /* BasicPlayerView.swift in Sources */,
				6F9B5BCB28D03E1E0074B9E0 /* TwinsView.swift in Sources */,
				6FD1F3A128D0490200DF8CF1 /* MultiView.swift in Sources */,
				6F3F15A728CEEC6900CA2BD1 /* ShowcaseView.swift in Sources */,
				6F65FA2128D0CE8A0081ACD1 /* PlaybackView.swift in Sources */,
				6FD1F3AD28D0657300DF8CF1 /* WrappedViewModel.swift in Sources */,
				6FD1F3AF28D070CA00DF8CF1 /* Media.swift in Sources */,
				6F5FEDD028CF328600B88EC0 /* StoriesViewModel.swift in Sources */,
				6F4FACBD2903169F0048576B /* PlaylistView.swift in Sources */,
				6FD1F3AB28D0655800DF8CF1 /* WrappedView.swift in Sources */,
				6FD6CE92291D36F70015FC03 /* Story.swift in Sources */,
			);
			runOnlyForDeploymentPostprocessing = 0;
		};
/* End PBXSourcesBuildPhase section */

/* Begin XCBuildConfiguration section */
		6F05B8E12887E935005D75E3 /* Debug */ = {
			isa = XCBuildConfiguration;
			buildSettings = {
				ALWAYS_SEARCH_USER_PATHS = NO;
				CLANG_ANALYZER_NONNULL = YES;
				CLANG_ANALYZER_NUMBER_OBJECT_CONVERSION = YES_AGGRESSIVE;
				CLANG_CXX_LANGUAGE_STANDARD = "gnu++20";
				CLANG_ENABLE_MODULES = YES;
				CLANG_ENABLE_OBJC_ARC = YES;
				CLANG_ENABLE_OBJC_WEAK = YES;
				CLANG_WARN_BLOCK_CAPTURE_AUTORELEASING = YES;
				CLANG_WARN_BOOL_CONVERSION = YES;
				CLANG_WARN_COMMA = YES;
				CLANG_WARN_CONSTANT_CONVERSION = YES;
				CLANG_WARN_DEPRECATED_OBJC_IMPLEMENTATIONS = YES;
				CLANG_WARN_DIRECT_OBJC_ISA_USAGE = YES_ERROR;
				CLANG_WARN_DOCUMENTATION_COMMENTS = YES;
				CLANG_WARN_EMPTY_BODY = YES;
				CLANG_WARN_ENUM_CONVERSION = YES;
				CLANG_WARN_INFINITE_RECURSION = YES;
				CLANG_WARN_INT_CONVERSION = YES;
				CLANG_WARN_NON_LITERAL_NULL_CONVERSION = YES;
				CLANG_WARN_OBJC_IMPLICIT_RETAIN_SELF = YES;
				CLANG_WARN_OBJC_LITERAL_CONVERSION = YES;
				CLANG_WARN_OBJC_ROOT_CLASS = YES_ERROR;
				CLANG_WARN_QUOTED_INCLUDE_IN_FRAMEWORK_HEADER = YES;
				CLANG_WARN_RANGE_LOOP_ANALYSIS = YES;
				CLANG_WARN_STRICT_PROTOTYPES = YES;
				CLANG_WARN_SUSPICIOUS_MOVE = YES;
				CLANG_WARN_UNGUARDED_AVAILABILITY = YES_AGGRESSIVE;
				CLANG_WARN_UNREACHABLE_CODE = YES;
				CLANG_WARN__DUPLICATE_METHOD_MATCH = YES;
				COPY_PHASE_STRIP = NO;
				DEBUG_INFORMATION_FORMAT = dwarf;
				ENABLE_STRICT_OBJC_MSGSEND = YES;
				ENABLE_TESTABILITY = YES;
				GCC_C_LANGUAGE_STANDARD = gnu11;
				GCC_DYNAMIC_NO_PIC = NO;
				GCC_NO_COMMON_BLOCKS = YES;
				GCC_OPTIMIZATION_LEVEL = 0;
				GCC_PREPROCESSOR_DEFINITIONS = (
					"DEBUG=1",
					"$(inherited)",
				);
				GCC_WARN_64_TO_32_BIT_CONVERSION = YES;
				GCC_WARN_ABOUT_RETURN_TYPE = YES_ERROR;
				GCC_WARN_UNDECLARED_SELECTOR = YES;
				GCC_WARN_UNINITIALIZED_AUTOS = YES_AGGRESSIVE;
				GCC_WARN_UNUSED_FUNCTION = YES;
				GCC_WARN_UNUSED_VARIABLE = YES;
				MACOSX_DEPLOYMENT_TARGET = 12.0;
				MTL_ENABLE_DEBUG_INFO = INCLUDE_SOURCE;
				MTL_FAST_MATH = YES;
				ONLY_ACTIVE_ARCH = YES;
				SDKROOT = iphoneos;
				SWIFT_OPTIMIZATION_LEVEL = "-Onone";
			};
			name = Debug;
		};
		6F05B8E22887E935005D75E3 /* Release */ = {
			isa = XCBuildConfiguration;
			buildSettings = {
				ALWAYS_SEARCH_USER_PATHS = NO;
				CLANG_ANALYZER_NONNULL = YES;
				CLANG_ANALYZER_NUMBER_OBJECT_CONVERSION = YES_AGGRESSIVE;
				CLANG_CXX_LANGUAGE_STANDARD = "gnu++20";
				CLANG_ENABLE_MODULES = YES;
				CLANG_ENABLE_OBJC_ARC = YES;
				CLANG_ENABLE_OBJC_WEAK = YES;
				CLANG_WARN_BLOCK_CAPTURE_AUTORELEASING = YES;
				CLANG_WARN_BOOL_CONVERSION = YES;
				CLANG_WARN_COMMA = YES;
				CLANG_WARN_CONSTANT_CONVERSION = YES;
				CLANG_WARN_DEPRECATED_OBJC_IMPLEMENTATIONS = YES;
				CLANG_WARN_DIRECT_OBJC_ISA_USAGE = YES_ERROR;
				CLANG_WARN_DOCUMENTATION_COMMENTS = YES;
				CLANG_WARN_EMPTY_BODY = YES;
				CLANG_WARN_ENUM_CONVERSION = YES;
				CLANG_WARN_INFINITE_RECURSION = YES;
				CLANG_WARN_INT_CONVERSION = YES;
				CLANG_WARN_NON_LITERAL_NULL_CONVERSION = YES;
				CLANG_WARN_OBJC_IMPLICIT_RETAIN_SELF = YES;
				CLANG_WARN_OBJC_LITERAL_CONVERSION = YES;
				CLANG_WARN_OBJC_ROOT_CLASS = YES_ERROR;
				CLANG_WARN_QUOTED_INCLUDE_IN_FRAMEWORK_HEADER = YES;
				CLANG_WARN_RANGE_LOOP_ANALYSIS = YES;
				CLANG_WARN_STRICT_PROTOTYPES = YES;
				CLANG_WARN_SUSPICIOUS_MOVE = YES;
				CLANG_WARN_UNGUARDED_AVAILABILITY = YES_AGGRESSIVE;
				CLANG_WARN_UNREACHABLE_CODE = YES;
				CLANG_WARN__DUPLICATE_METHOD_MATCH = YES;
				COPY_PHASE_STRIP = NO;
				DEBUG_INFORMATION_FORMAT = "dwarf-with-dsym";
				ENABLE_NS_ASSERTIONS = NO;
				ENABLE_STRICT_OBJC_MSGSEND = YES;
				GCC_C_LANGUAGE_STANDARD = gnu11;
				GCC_NO_COMMON_BLOCKS = YES;
				GCC_WARN_64_TO_32_BIT_CONVERSION = YES;
				GCC_WARN_ABOUT_RETURN_TYPE = YES_ERROR;
				GCC_WARN_UNDECLARED_SELECTOR = YES;
				GCC_WARN_UNINITIALIZED_AUTOS = YES_AGGRESSIVE;
				GCC_WARN_UNUSED_FUNCTION = YES;
				GCC_WARN_UNUSED_VARIABLE = YES;
				MACOSX_DEPLOYMENT_TARGET = 12.0;
				MTL_ENABLE_DEBUG_INFO = NO;
				MTL_FAST_MATH = YES;
				SDKROOT = iphoneos;
				SWIFT_COMPILATION_MODE = wholemodule;
				SWIFT_OPTIMIZATION_LEVEL = "-O";
				VALIDATE_PRODUCT = YES;
			};
			name = Release;
		};
		6F05B8E42887E935005D75E3 /* Debug */ = {
			isa = XCBuildConfiguration;
			baseConfigurationReference = 6F45DB9E2893B773008ACCE6 /* Demo.debug.xcconfig */;
			buildSettings = {
				ASSETCATALOG_COMPILER_GLOBAL_ACCENT_COLOR_NAME = AccentColor;
				CODE_SIGN_STYLE = Automatic;
				DEVELOPMENT_ASSET_PATHS = "\"Preview Content\"";
				DEVELOPMENT_TEAM = ABW92QGFZ7;
				ENABLE_PREVIEWS = YES;
				INFOPLIST_FILE = Info.plist;
				LD_RUNPATH_SEARCH_PATHS = (
					"$(inherited)",
					"@executable_path/Frameworks",
				);
				PRODUCT_NAME = "$(TARGET_NAME)";
				SUPPORTED_PLATFORMS = "appletvos appletvsimulator iphoneos iphonesimulator";
				SUPPORTS_MACCATALYST = NO;
				SUPPORTS_MAC_DESIGNED_FOR_IPHONE_IPAD = YES;
				SWIFT_EMIT_LOC_STRINGS = YES;
				SWIFT_VERSION = 5.0;
				TARGETED_DEVICE_FAMILY = "1,2,3";
			};
			name = Debug;
		};
		6F05B8E52887E935005D75E3 /* Release */ = {
			isa = XCBuildConfiguration;
			baseConfigurationReference = 6F45DB9F2893B773008ACCE6 /* Demo.release.xcconfig */;
			buildSettings = {
				ASSETCATALOG_COMPILER_GLOBAL_ACCENT_COLOR_NAME = AccentColor;
				CODE_SIGN_STYLE = Automatic;
				DEVELOPMENT_ASSET_PATHS = "\"Preview Content\"";
				DEVELOPMENT_TEAM = ABW92QGFZ7;
				ENABLE_PREVIEWS = YES;
				INFOPLIST_FILE = Info.plist;
				LD_RUNPATH_SEARCH_PATHS = (
					"$(inherited)",
					"@executable_path/Frameworks",
				);
				PRODUCT_NAME = "$(TARGET_NAME)";
				SUPPORTED_PLATFORMS = "appletvos appletvsimulator iphoneos iphonesimulator";
				SUPPORTS_MACCATALYST = NO;
				SUPPORTS_MAC_DESIGNED_FOR_IPHONE_IPAD = YES;
				SWIFT_EMIT_LOC_STRINGS = YES;
				SWIFT_VERSION = 5.0;
				TARGETED_DEVICE_FAMILY = "1,2,3";
			};
			name = Release;
		};
		6F45DB8C2893B717008ACCE6 /* Nightly */ = {
			isa = XCBuildConfiguration;
			buildSettings = {
				ALWAYS_SEARCH_USER_PATHS = NO;
				CLANG_ANALYZER_NONNULL = YES;
				CLANG_ANALYZER_NUMBER_OBJECT_CONVERSION = YES_AGGRESSIVE;
				CLANG_CXX_LANGUAGE_STANDARD = "gnu++20";
				CLANG_ENABLE_MODULES = YES;
				CLANG_ENABLE_OBJC_ARC = YES;
				CLANG_ENABLE_OBJC_WEAK = YES;
				CLANG_WARN_BLOCK_CAPTURE_AUTORELEASING = YES;
				CLANG_WARN_BOOL_CONVERSION = YES;
				CLANG_WARN_COMMA = YES;
				CLANG_WARN_CONSTANT_CONVERSION = YES;
				CLANG_WARN_DEPRECATED_OBJC_IMPLEMENTATIONS = YES;
				CLANG_WARN_DIRECT_OBJC_ISA_USAGE = YES_ERROR;
				CLANG_WARN_DOCUMENTATION_COMMENTS = YES;
				CLANG_WARN_EMPTY_BODY = YES;
				CLANG_WARN_ENUM_CONVERSION = YES;
				CLANG_WARN_INFINITE_RECURSION = YES;
				CLANG_WARN_INT_CONVERSION = YES;
				CLANG_WARN_NON_LITERAL_NULL_CONVERSION = YES;
				CLANG_WARN_OBJC_IMPLICIT_RETAIN_SELF = YES;
				CLANG_WARN_OBJC_LITERAL_CONVERSION = YES;
				CLANG_WARN_OBJC_ROOT_CLASS = YES_ERROR;
				CLANG_WARN_QUOTED_INCLUDE_IN_FRAMEWORK_HEADER = YES;
				CLANG_WARN_RANGE_LOOP_ANALYSIS = YES;
				CLANG_WARN_STRICT_PROTOTYPES = YES;
				CLANG_WARN_SUSPICIOUS_MOVE = YES;
				CLANG_WARN_UNGUARDED_AVAILABILITY = YES_AGGRESSIVE;
				CLANG_WARN_UNREACHABLE_CODE = YES;
				CLANG_WARN__DUPLICATE_METHOD_MATCH = YES;
				COPY_PHASE_STRIP = NO;
				DEBUG_INFORMATION_FORMAT = "dwarf-with-dsym";
				ENABLE_NS_ASSERTIONS = NO;
				ENABLE_STRICT_OBJC_MSGSEND = YES;
				GCC_C_LANGUAGE_STANDARD = gnu11;
				GCC_NO_COMMON_BLOCKS = YES;
				GCC_WARN_64_TO_32_BIT_CONVERSION = YES;
				GCC_WARN_ABOUT_RETURN_TYPE = YES_ERROR;
				GCC_WARN_UNDECLARED_SELECTOR = YES;
				GCC_WARN_UNINITIALIZED_AUTOS = YES_AGGRESSIVE;
				GCC_WARN_UNUSED_FUNCTION = YES;
				GCC_WARN_UNUSED_VARIABLE = YES;
				MACOSX_DEPLOYMENT_TARGET = 12.0;
				MTL_ENABLE_DEBUG_INFO = NO;
				MTL_FAST_MATH = YES;
				SDKROOT = iphoneos;
				SWIFT_COMPILATION_MODE = wholemodule;
				SWIFT_OPTIMIZATION_LEVEL = "-O";
				VALIDATE_PRODUCT = YES;
			};
			name = Nightly;
		};
		6F45DB8D2893B717008ACCE6 /* Nightly */ = {
			isa = XCBuildConfiguration;
			baseConfigurationReference = 6F45DB9D2893B773008ACCE6 /* Demo.nightly.xcconfig */;
			buildSettings = {
				ASSETCATALOG_COMPILER_GLOBAL_ACCENT_COLOR_NAME = AccentColor;
				CODE_SIGN_STYLE = Automatic;
				DEVELOPMENT_ASSET_PATHS = "\"Preview Content\"";
				DEVELOPMENT_TEAM = ABW92QGFZ7;
				ENABLE_PREVIEWS = YES;
				INFOPLIST_FILE = Info.plist;
				LD_RUNPATH_SEARCH_PATHS = (
					"$(inherited)",
					"@executable_path/Frameworks",
				);
				PRODUCT_NAME = "$(TARGET_NAME)";
				SUPPORTED_PLATFORMS = "appletvos appletvsimulator iphoneos iphonesimulator";
				SUPPORTS_MACCATALYST = NO;
				SUPPORTS_MAC_DESIGNED_FOR_IPHONE_IPAD = YES;
				SWIFT_EMIT_LOC_STRINGS = YES;
				SWIFT_VERSION = 5.0;
				TARGETED_DEVICE_FAMILY = "1,2,3";
			};
			name = Nightly;
		};
/* End XCBuildConfiguration section */

/* Begin XCConfigurationList section */
		6F05B8D02887E934005D75E3 /* Build configuration list for PBXProject "Pillarbox-demo" */ = {
			isa = XCConfigurationList;
			buildConfigurations = (
				6F05B8E12887E935005D75E3 /* Debug */,
				6F05B8E22887E935005D75E3 /* Release */,
				6F45DB8C2893B717008ACCE6 /* Nightly */,
			);
			defaultConfigurationIsVisible = 0;
			defaultConfigurationName = Release;
		};
		6F05B8E32887E935005D75E3 /* Build configuration list for PBXNativeTarget "Pillarbox-demo" */ = {
			isa = XCConfigurationList;
			buildConfigurations = (
				6F05B8E42887E935005D75E3 /* Debug */,
				6F05B8E52887E935005D75E3 /* Release */,
				6F45DB8D2893B717008ACCE6 /* Nightly */,
			);
			defaultConfigurationIsVisible = 0;
			defaultConfigurationName = Release;
		};
/* End XCConfigurationList section */

/* Begin XCRemoteSwiftPackageReference section */
		6F9B5BC728CF8C530074B9E0 /* XCRemoteSwiftPackageReference "swift-collections" */ = {
			isa = XCRemoteSwiftPackageReference;
			repositoryURL = "https://github.com/apple/swift-collections.git";
			requirement = {
				kind = upToNextMajorVersion;
				minimumVersion = 1.0.3;
			};
		};
		6FCA4745292CBEC7008C2812 /* XCRemoteSwiftPackageReference "ShowTime" */ = {
			isa = XCRemoteSwiftPackageReference;
			repositoryURL = "https://github.com/KaneCheshire/ShowTime.git";
			requirement = {
				kind = upToNextMajorVersion;
				minimumVersion = 2.5.3;
			};
		};
/* End XCRemoteSwiftPackageReference section */

/* Begin XCSwiftPackageProductDependency section */
		6F36C62C28910538000DD160 /* CoreBusiness */ = {
			isa = XCSwiftPackageProductDependency;
			productName = CoreBusiness;
		};
		6F9B5BC828CF8C530074B9E0 /* OrderedCollections */ = {
			isa = XCSwiftPackageProductDependency;
			package = 6F9B5BC728CF8C530074B9E0 /* XCRemoteSwiftPackageReference "swift-collections" */;
			productName = OrderedCollections;
		};
		6F9DDB43288FE90E0069B687 /* Player */ = {
			isa = XCSwiftPackageProductDependency;
			productName = Player;
		};
		6FBEFCEA289132DB004BE625 /* UserInterface */ = {
			isa = XCSwiftPackageProductDependency;
			productName = UserInterface;
		};
		6FCA4746292CBEC7008C2812 /* ShowTime */ = {
			isa = XCSwiftPackageProductDependency;
			package = 6FCA4745292CBEC7008C2812 /* XCRemoteSwiftPackageReference "ShowTime" */;
			productName = ShowTime;
		};
/* End XCSwiftPackageProductDependency section */
	};
	rootObject = 6F05B8CD2887E934005D75E3 /* Project object */;
}
